
Microsoft Visual Studio Solution File, Format Version 12.00
# Visual Studio Version 17
VisualStudioVersion = 17.2.32505.173
MinimumVisualStudioVersion = 10.0.40219.1
Project("{9A19103F-16F7-4668-BE54-9A1E7A4F7556}") = "IES9012.UI", "IES9012.UI\IES9012.UI.csproj", "{A3E6C02D-171F-47DC-A2D6-35966BA9ED7A}"
EndProject
Project("{FAE04EC0-301F-11D3-BF4B-00C04F79EFBC}") = "IES9012.core", "IES9012.core\IES9012.core.csproj", "{F1561A0A-9E93-479F-B22C-096A8EC8A0E2}"
EndProject
Global
	GlobalSection(SolutionConfigurationPlatforms) = preSolution
		Debug|Any CPU = Debug|Any CPU
		Release|Any CPU = Release|Any CPU
	EndGlobalSection
	GlobalSection(ProjectConfigurationPlatforms) = postSolution
		{A3E6C02D-171F-47DC-A2D6-35966BA9ED7A}.Debug|Any CPU.ActiveCfg = Debug|Any CPU
		{A3E6C02D-171F-47DC-A2D6-35966BA9ED7A}.Debug|Any CPU.Build.0 = Debug|Any CPU
		{A3E6C02D-171F-47DC-A2D6-35966BA9ED7A}.Release|Any CPU.ActiveCfg = Release|Any CPU
		{A3E6C02D-171F-47DC-A2D6-35966BA9ED7A}.Release|Any CPU.Build.0 = Release|Any CPU
		{F1561A0A-9E93-479F-B22C-096A8EC8A0E2}.Debug|Any CPU.ActiveCfg = Debug|Any CPU
		{F1561A0A-9E93-479F-B22C-096A8EC8A0E2}.Debug|Any CPU.Build.0 = Debug|Any CPU
		{F1561A0A-9E93-479F-B22C-096A8EC8A0E2}.Release|Any CPU.ActiveCfg = Release|Any CPU
		{F1561A0A-9E93-479F-B22C-096A8EC8A0E2}.Release|Any CPU.Build.0 = Release|Any CPU
	EndGlobalSection
	GlobalSection(SolutionProperties) = preSolution
		HideSolutionNode = FALSE
	EndGlobalSection
	GlobalSection(ExtensibilityGlobals) = postSolution
		SolutionGuid = {BCBAE7ED-902C-47D6-B41D-4D1726A3A7D2}
	EndGlobalSection
EndGlobal
